<Solution>
  <Folder Name="/src/">
    <Project Path="src/LGPD.Redact.Serialization/LGPD.Redact.Serialization.csproj" />
  </Folder>
  <Folder Name="/tests/">
    <Project Path="tests/LGPD.Redact.Serialization.UnitTests/LGPD.Redact.Serialization.UnitTests.csproj" />
  </Folder>
  <Folder Name="/samples/">
    <Project Path="samples/LGPD.Redact.Serialization.Sample.SystemTextJson/LGPD.Redact.Serialization.Sample.SystemTextJson.csproj" />
    <Project Path="samples/LGPD.Redact.Serialization.Sample.NewtonsoftJson/LGPD.Redact.Serialization.Sample.NewtonsoftJson.csproj" />
  </Folder>
</Solution>